
Microsoft Visual Studio Solution File, Format Version 12.00
# Visual Studio Version 17
VisualStudioVersion = 17.3.32929.385
MinimumVisualStudioVersion = 10.0.40219.1
Project("{FAE04EC0-301F-11D3-BF4B-00C04F79EFBC}") = "RecipeSharingAPI", "RecipeSharingAPI\RecipeSharingAPI.csproj", "{7184D455-F11B-403B-B14F-106567DBF6A6}"
EndProject
Global
	GlobalSection(SolutionConfigurationPlatforms) = preSolution
		Debug|Any CPU = Debug|Any CPU
		Release|Any CPU = Release|Any CPU
	EndGlobalSection
	GlobalSection(ProjectConfigurationPlatforms) = postSolution
		{7184D455-F11B-403B-B14F-106567DBF6A6}.Debug|Any CPU.ActiveCfg = Debug|Any CPU
		{7184D455-F11B-403B-B14F-106567DBF6A6}.Debug|Any CPU.Build.0 = Debug|Any CPU
		{7184D455-F11B-403B-B14F-106567DBF6A6}.Release|Any CPU.ActiveCfg = Release|Any CPU
		{7184D455-F11B-403B-B14F-106567DBF6A6}.Release|Any CPU.Build.0 = Release|Any CPU
	EndGlobalSection
	GlobalSection(SolutionProperties) = preSolution
		HideSolutionNode = FALSE
	EndGlobalSection
	GlobalSection(ExtensibilityGlobals) = postSolution
		SolutionGuid = {C39B130B-72F6-4F58-A990-3B3D522367BB}
	EndGlobalSection
EndGlobal
